
Microsoft Visual Studio Solution File, Format Version 12.00
# Visual Studio Version 16
VisualStudioVersion = 16.0.33130.400
MinimumVisualStudioVersion = 10.0.40219.1
Project("{FAE04EC0-301F-11D3-BF4B-00C04F79EFBC}") = "Project1Portfolio", "Project1Portfolio\Project1Portfolio.csproj", "{3EA8BA0A-A9C8-4650-94E4-3111BF0D217D}"
EndProject
Global
	GlobalSection(SolutionConfigurationPlatforms) = preSolution
		Debug|Any CPU = Debug|Any CPU
		Release|Any CPU = Release|Any CPU
	EndGlobalSection
	GlobalSection(ProjectConfigurationPlatforms) = postSolution
		{3EA8BA0A-A9C8-4650-94E4-3111BF0D217D}.Debug|Any CPU.ActiveCfg = Debug|Any CPU
		{3EA8BA0A-A9C8-4650-94E4-3111BF0D217D}.Debug|Any CPU.Build.0 = Debug|Any CPU
		{3EA8BA0A-A9C8-4650-94E4-3111BF0D217D}.Release|Any CPU.ActiveCfg = Release|Any CPU
		{3EA8BA0A-A9C8-4650-94E4-3111BF0D217D}.Release|Any CPU.Build.0 = Release|Any CPU
	EndGlobalSection
	GlobalSection(SolutionProperties) = preSolution
		HideSolutionNode = FALSE
	EndGlobalSection
	GlobalSection(ExtensibilityGlobals) = postSolution
		SolutionGuid = {CC748A44-EAE9-4A0E-9AAA-4762AC068B4F}
	EndGlobalSection
EndGlobal
